
Microsoft Visual Studio Solution File, Format Version 12.00
# Visual Studio 2013
VisualStudioVersion = 12.0.30501.0
MinimumVisualStudioVersion = 10.0.40219.1
Project("{FAE04EC0-301F-11D3-BF4B-00C04F79EFBC}") = "TinyOData", "TinyOData\TinyOData.csproj", "{DB749F6A-BB15-43D1-9E14-D1F9D73C65CA}"
EndProject
Project("{FAE04EC0-301F-11D3-BF4B-00C04F79EFBC}") = "TestConsole", "TestConsole\TestConsole.csproj", "{CC142A3F-5505-46D1-BF85-CE3A3DA81F29}"
EndProject
Project("{FAE04EC0-301F-11D3-BF4B-00C04F79EFBC}") = "TinyOData.Test", "TinyOData.Test\TinyOData.Test.csproj", "{2067BC4A-D0C8-4CF2-BFF3-44C76AA99173}"
EndProject
Global
	GlobalSection(SolutionConfigurationPlatforms) = preSolution
		Debug|Any CPU = Debug|Any CPU
		Release|Any CPU = Release|Any CPU
	EndGlobalSection
	GlobalSection(ProjectConfigurationPlatforms) = postSolution
		{DB749F6A-BB15-43D1-9E14-D1F9D73C65CA}.Debug|Any CPU.ActiveCfg = Debug|Any CPU
		{DB749F6A-BB15-43D1-9E14-D1F9D73C65CA}.Debug|Any CPU.Build.0 = Debug|Any CPU
		{DB749F6A-BB15-43D1-9E14-D1F9D73C65CA}.Release|Any CPU.ActiveCfg = Release|Any CPU
		{DB749F6A-BB15-43D1-9E14-D1F9D73C65CA}.Release|Any CPU.Build.0 = Release|Any CPU
		{CC142A3F-5505-46D1-BF85-CE3A3DA81F29}.Debug|Any CPU.ActiveCfg = Debug|Any CPU
		{CC142A3F-5505-46D1-BF85-CE3A3DA81F29}.Debug|Any CPU.Build.0 = Debug|Any CPU
		{CC142A3F-5505-46D1-BF85-CE3A3DA81F29}.Release|Any CPU.ActiveCfg = Release|Any CPU
		{CC142A3F-5505-46D1-BF85-CE3A3DA81F29}.Release|Any CPU.Build.0 = Release|Any CPU
		{2067BC4A-D0C8-4CF2-BFF3-44C76AA99173}.Debug|Any CPU.ActiveCfg = Debug|Any CPU
		{2067BC4A-D0C8-4CF2-BFF3-44C76AA99173}.Debug|Any CPU.Build.0 = Debug|Any CPU
		{2067BC4A-D0C8-4CF2-BFF3-44C76AA99173}.Release|Any CPU.ActiveCfg = Release|Any CPU
		{2067BC4A-D0C8-4CF2-BFF3-44C76AA99173}.Release|Any CPU.Build.0 = Release|Any CPU
	EndGlobalSection
	GlobalSection(SolutionProperties) = preSolution
		HideSolutionNode = FALSE
	EndGlobalSection
EndGlobal
